
Microsoft Visual Studio Solution File, Format Version 12.00
# Visual Studio Version 16
VisualStudioVersion = 25.0.1706.4
MinimumVisualStudioVersion = 10.0.40219.1
Project("{FAE04EC0-301F-11D3-BF4B-00C04F79EFBC}") = "Academy.App", "Academy.App\Academy.App.csproj", "{2934BFC3-71AD-4BB3-BA6E-A2FED5D860B8}"
EndProject
Project("{FAE04EC0-301F-11D3-BF4B-00C04F79EFBC}") = "Academy.Core", "Academy.Core\Academy.Core.csproj", "{8AE208BF-F048-4356-83B9-499BB9F97FF9}"
EndProject
Project("{FAE04EC0-301F-11D3-BF4B-00C04F79EFBC}") = "Academy.Data", "Academy.Data\Academy.Data.csproj", "{971E3B55-B688-4807-9FC3-E0C046FD2561}"
EndProject
Project("{FAE04EC0-301F-11D3-BF4B-00C04F79EFBC}") = "Academy.Service", "Student.Service\Academy.Service.csproj", "{D11190EC-A8C9-4291-BEF1-EF2498432570}"
EndProject
Global
	GlobalSection(SolutionConfigurationPlatforms) = preSolution
		Debug|Any CPU = Debug|Any CPU
		Release|Any CPU = Release|Any CPU
	EndGlobalSection
	GlobalSection(ProjectConfigurationPlatforms) = postSolution
		{2934BFC3-71AD-4BB3-BA6E-A2FED5D860B8}.Debug|Any CPU.ActiveCfg = Debug|Any CPU
		{2934BFC3-71AD-4BB3-BA6E-A2FED5D860B8}.Debug|Any CPU.Build.0 = Debug|Any CPU
		{2934BFC3-71AD-4BB3-BA6E-A2FED5D860B8}.Release|Any CPU.ActiveCfg = Release|Any CPU
		{2934BFC3-71AD-4BB3-BA6E-A2FED5D860B8}.Release|Any CPU.Build.0 = Release|Any CPU
		{8AE208BF-F048-4356-83B9-499BB9F97FF9}.Debug|Any CPU.ActiveCfg = Debug|Any CPU
		{8AE208BF-F048-4356-83B9-499BB9F97FF9}.Debug|Any CPU.Build.0 = Debug|Any CPU
		{8AE208BF-F048-4356-83B9-499BB9F97FF9}.Release|Any CPU.ActiveCfg = Release|Any CPU
		{8AE208BF-F048-4356-83B9-499BB9F97FF9}.Release|Any CPU.Build.0 = Release|Any CPU
		{971E3B55-B688-4807-9FC3-E0C046FD2561}.Debug|Any CPU.ActiveCfg = Debug|Any CPU
		{971E3B55-B688-4807-9FC3-E0C046FD2561}.Debug|Any CPU.Build.0 = Debug|Any CPU
		{971E3B55-B688-4807-9FC3-E0C046FD2561}.Release|Any CPU.ActiveCfg = Release|Any CPU
		{971E3B55-B688-4807-9FC3-E0C046FD2561}.Release|Any CPU.Build.0 = Release|Any CPU
		{D11190EC-A8C9-4291-BEF1-EF2498432570}.Debug|Any CPU.ActiveCfg = Debug|Any CPU
		{D11190EC-A8C9-4291-BEF1-EF2498432570}.Debug|Any CPU.Build.0 = Debug|Any CPU
		{D11190EC-A8C9-4291-BEF1-EF2498432570}.Release|Any CPU.ActiveCfg = Release|Any CPU
		{D11190EC-A8C9-4291-BEF1-EF2498432570}.Release|Any CPU.Build.0 = Release|Any CPU
	EndGlobalSection
	GlobalSection(SolutionProperties) = preSolution
		HideSolutionNode = FALSE
	EndGlobalSection
	GlobalSection(ExtensibilityGlobals) = postSolution
		SolutionGuid = {E1C09A64-FAF5-45DD-90ED-A62AFFFF46C8}
	EndGlobalSection
EndGlobal
